// !$*UTF8*$!
{
	archiveVersion = 1;
	classes = {
	};
	objectVersion = 50;
	objects = {

/* Begin PBXBuildFile section */
		C12056FE243709F900F55940 /* AppDelegate.swift in Sources */ = {isa = PBXBuildFile; fileRef = C12056FD243709F900F55940 /* AppDelegate.swift */; };
		C1205700243709F900F55940 /* SceneDelegate.swift in Sources */ = {isa = PBXBuildFile; fileRef = C12056FF243709F900F55940 /* SceneDelegate.swift */; };
		C1205702243709F900F55940 /* ViewController.swift in Sources */ = {isa = PBXBuildFile; fileRef = C1205701243709F900F55940 /* ViewController.swift */; };
		C1205705243709F900F55940 /* Main.storyboard in Resources */ = {isa = PBXBuildFile; fileRef = C1205703243709F900F55940 /* Main.storyboard */; };
		C1205707243709FA00F55940 /* Assets.xcassets in Resources */ = {isa = PBXBuildFile; fileRef = C1205706243709FA00F55940 /* Assets.xcassets */; };
		C120570A243709FA00F55940 /* LaunchScreen.storyboard in Resources */ = {isa = PBXBuildFile; fileRef = C1205708243709FA00F55940 /* LaunchScreen.storyboard */; };
/* End PBXBuildFile section */

/* Begin PBXFileReference section */
		C12056FA243709F900F55940 /* MakeApp15-2CameraPhotoLibrary.app */ = {isa = PBXFileReference; explicitFileType = wrapper.application; includeInIndex = 0; path = "MakeApp15-2CameraPhotoLibrary.app"; sourceTree = BUILT_PRODUCTS_DIR; };
		C12056FD243709F900F55940 /* AppDelegate.swift */ = {isa = PBXFileReference; lastKnownFileType = sourcecode.swift; path = AppDelegate.swift; sourceTree = "<group>"; };
		C12056FF243709F900F55940 /* SceneDelegate.swift */ = {isa = PBXFileReference; lastKnownFileType = sourcecode.swift; path = SceneDelegate.swift; sourceTree = "<group>"; };
		C1205701243709F900F55940 /* ViewController.swift */ = {isa = PBXFileReference; lastKnownFileType = sourcecode.swift; path = ViewController.swift; sourceTree = "<group>"; };
		C1205704243709F900F55940 /* Base */ = {isa = PBXFileReference; lastKnownFileType = file.storyboard; name = Base; path = Base.lproj/Main.storyboard; sourceTree = "<group>"; };
		C1205706243709FA00F55940 /* Assets.xcassets */ = {isa = PBXFileReference; lastKnownFileType = folder.assetcatalog; path = Assets.xcassets; sourceTree = "<group>"; };
		C1205709243709FA00F55940 /* Base */ = {isa = PBXFileReference; lastKnownFileType = file.storyboard; name = Base; path = Base.lproj/LaunchScreen.storyboard; sourceTree = "<group>"; };
		C120570B243709FA00F55940 /* Info.plist */ = {isa = PBXFileReference; lastKnownFileType = text.plist.xml; path = Info.plist; sourceTree = "<group>"; };
/* End PBXFileReference section */

/* Begin PBXFrameworksBuildPhase section */
		C12056F7243709F900F55940 /* Frameworks */ = {
			isa = PBXFrameworksBuildPhase;
			buildActionMask = 2147483647;
			files = (
			);
			runOnlyForDeploymentPostprocessing = 0;
		};
/* End PBXFrameworksBuildPhase section */

/* Begin PBXGroup section */
		C12056F1243709F900F55940 = {
			isa = PBXGroup;
			children = (
				C12056FC243709F900F55940 /* MakeApp15-2CameraPhotoLibrary */,
				C12056FB243709F900F55940 /* Products */,
			);
			sourceTree = "<group>";
		};
		C12056FB243709F900F55940 /* Products */ = {
			isa = PBXGroup;
			children = (
				C12056FA243709F900F55940 /* MakeApp15-2CameraPhotoLibrary.app */,
			);
			name = Products;
			sourceTree = "<group>";
		};
		C12056FC243709F900F55940 /* MakeApp15-2CameraPhotoLibrary */ = {
			isa = PBXGroup;
			children = (
				C12056FD243709F900F55940 /* AppDelegate.swift */,
				C12056FF243709F900F55940 /* SceneDelegate.swift */,
				C1205701243709F900F55940 /* ViewController.swift */,
				C1205703243709F900F55940 /* Main.storyboard */,
				C1205706243709FA00F55940 /* Assets.xcassets */,
				C1205708243709FA00F55940 /* LaunchScreen.storyboard */,
				C120570B243709FA00F55940 /* Info.plist */,
			);
			path = "MakeApp15-2CameraPhotoLibrary";
			sourceTree = "<group>";
		};
/* End PBXGroup section */

/* Begin PBXNativeTarget section */
		C12056F9243709F900F55940 /* MakeApp15-2CameraPhotoLibrary */ = {
			isa = PBXNativeTarget;
			buildConfigurationList = C120570E243709FA00F55940 /* Build configuration list for PBXNativeTarget "MakeApp15-2CameraPhotoLibrary" */;
			buildPhases = (
				C12056F6243709F900F55940 /* Sources */,
				C12056F7243709F900F55940 /* Frameworks */,
				C12056F8243709F900F55940 /* Resources */,
			);
			buildRules = (
			);
			dependencies = (
			);
			name = "MakeApp15-2CameraPhotoLibrary";
			productName = "MakeApp15-2CameraPhotoLibrary";
			productReference = C12056FA243709F900F55940 /* MakeApp15-2CameraPhotoLibrary.app */;
			productType = "com.apple.product-type.application";
		};
/* End PBXNativeTarget section */

/* Begin PBXProject section */
		C12056F2243709F900F55940 /* Project object */ = {
			isa = PBXProject;
			attributes = {
				LastSwiftUpdateCheck = 1130;
				LastUpgradeCheck = 1130;
				ORGANIZATIONNAME = YangHeeTae;
				TargetAttributes = {
					C12056F9243709F900F55940 = {
						CreatedOnToolsVersion = 11.3;
					};
				};
			};
			buildConfigurationList = C12056F5243709F900F55940 /* Build configuration list for PBXProject "MakeApp15-2CameraPhotoLibrary" */;
			compatibilityVersion = "Xcode 9.3";
			developmentRegion = en;
			hasScannedForEncodings = 0;
			knownRegions = (
				en,
				Base,
			);
			mainGroup = C12056F1243709F900F55940;
			productRefGroup = C12056FB243709F900F55940 /* Products */;
			projectDirPath = "";
			projectRoot = "";
			targets = (
				C12056F9243709F900F55940 /* MakeApp15-2CameraPhotoLibrary */,
			);
		};
/* End PBXProject section */

/* Begin PBXResourcesBuildPhase section */
		C12056F8243709F900F55940 /* Resources */ = {
			isa = PBXResourcesBuildPhase;
			buildActionMask = 2147483647;
			files = (
				C120570A243709FA00F55940 /* LaunchScreen.storyboard in Resources */,
				C1205707243709FA00F55940 /* Assets.xcassets in Resources */,
				C1205705243709F900F55940 /* Main.storyboard in Resources */,
			);
			runOnlyForDeploymentPostprocessing = 0;
		};
/* End PBXResourcesBuildPhase section */

/* Begin PBXSourcesBuildPhase section */
		C12056F6243709F900F55940 /* Sources */ = {
			isa = PBXSourcesBuildPhase;
			buildActionMask = 2147483647;
			files = (
				C1205702243709F900F55940 /* ViewController.swift in Sources */,
				C12056FE243709F900F55940 /* AppDelegate.swift in Sources */,
				C1205700243709F900F55940 /* SceneDelegate.swift in Sources */,
			);
			runOnlyForDeploymentPostprocessing = 0;
		};
/* End PBXSourcesBuildPhase section */

/* Begin PBXVariantGroup section */
		C1205703243709F900F55940 /* Main.storyboard */ = {
			isa = PBXVariantGroup;
			children = (
				C1205704243709F900F55940 /* Base */,
			);
			name = Main.storyboard;
			sourceTree = "<group>";
		};
		C1205708243709FA00F55940 /* LaunchScreen.storyboard */ = {
			isa = PBXVariantGroup;
			children = (
				C1205709243709FA00F55940 /* Base */,
			);
			name = LaunchScreen.storyboard;
			sourceTree = "<group>";
		};
/* End PBXVariantGroup section */

/* Begin XCBuildConfiguration section */
		C120570C243709FA00F55940 /* Debug */ = {
			isa = XCBuildConfiguration;
			buildSettings = {
				ALWAYS_SEARCH_USER_PATHS = NO;
				CLANG_ANALYZER_NONNULL = YES;
				CLANG_ANALYZER_NUMBER_OBJECT_CONVERSION = YES_AGGRESSIVE;
				CLANG_CXX_LANGUAGE_STANDARD = "gnu++14";
				CLANG_CXX_LIBRARY = "libc++";
				CLANG_ENABLE_MODULES = YES;
				CLANG_ENABLE_OBJC_ARC = YES;
				CLANG_ENABLE_OBJC_WEAK = YES;
				CLANG_WARN_BLOCK_CAPTURE_AUTORELEASING = YES;
				CLANG_WARN_BOOL_CONVERSION = YES;
				CLANG_WARN_COMMA = YES;
				CLANG_WARN_CONSTANT_CONVERSION = YES;
				CLANG_WARN_DEPRECATED_OBJC_IMPLEMENTATIONS = YES;
				CLANG_WARN_DIRECT_OBJC_ISA_USAGE = YES_ERROR;
				CLANG_WARN_DOCUMENTATION_COMMENTS = YES;
				CLANG_WARN_EMPTY_BODY = YES;
				CLANG_WARN_ENUM_CONVERSION = YES;
				CLANG_WARN_INFINITE_RECURSION = YES;
				CLANG_WARN_INT_CONVERSION = YES;
				CLANG_WARN_NON_LITERAL_NULL_CONVERSION = YES;
				CLANG_WARN_OBJC_IMPLICIT_RETAIN_SELF = YES;
				CLANG_WARN_OBJC_LITERAL_CONVERSION = YES;
				CLANG_WARN_OBJC_ROOT_CLASS = YES_ERROR;
				CLANG_WARN_RANGE_LOOP_ANALYSIS = YES;
				CLANG_WARN_STRICT_PROTOTYPES = YES;
				CLANG_WARN_SUSPICIOUS_MOVE = YES;
				CLANG_WARN_UNGUARDED_AVAILABILITY = YES_AGGRESSIVE;
				CLANG_WARN_UNREACHABLE_CODE = YES;
				CLANG_WARN__DUPLICATE_METHOD_MATCH = YES;
				COPY_PHASE_STRIP = NO;
				DEBUG_INFORMATION_FORMAT = dwarf;
				ENABLE_STRICT_OBJC_MSGSEND = YES;
				ENABLE_TESTABILITY = YES;
				GCC_C_LANGUAGE_STANDARD = gnu11;
				GCC_DYNAMIC_NO_PIC = NO;
				GCC_NO_COMMON_BLOCKS = YES;
				GCC_OPTIMIZATION_LEVEL = 0;
				GCC_PREPROCESSOR_DEFINITIONS = (
					"DEBUG=1",
					"$(inherited)",
				);
				GCC_WARN_64_TO_32_BIT_CONVERSION = YES;
				GCC_WARN_ABOUT_RETURN_TYPE = YES_ERROR;
				GCC_WARN_UNDECLARED_SELECTOR = YES;
				GCC_WARN_UNINITIALIZED_AUTOS = YES_AGGRESSIVE;
				GCC_WARN_UNUSED_FUNCTION = YES;
				GCC_WARN_UNUSED_VARIABLE = YES;
				IPHONEOS_DEPLOYMENT_TARGET = 13.2;
				MTL_ENABLE_DEBUG_INFO = INCLUDE_SOURCE;
				MTL_FAST_MATH = YES;
				ONLY_ACTIVE_ARCH = YES;
				SDKROOT = iphoneos;
				SWIFT_ACTIVE_COMPILATION_CONDITIONS = DEBUG;
				SWIFT_OPTIMIZATION_LEVEL = "-Onone";
			};
			name = Debug;
		};
		C120570D243709FA00F55940 /* Release */ = {
			isa = XCBuildConfiguration;
			buildSettings = {
				ALWAYS_SEARCH_USER_PATHS = NO;
				CLANG_ANALYZER_NONNULL = YES;
				CLANG_ANALYZER_NUMBER_OBJECT_CONVERSION = YES_AGGRESSIVE;
				CLANG_CXX_LANGUAGE_STANDARD = "gnu++14";
				CLANG_CXX_LIBRARY = "libc++";
				CLANG_ENABLE_MODULES = YES;
				CLANG_ENABLE_OBJC_ARC = YES;
				CLANG_ENABLE_OBJC_WEAK = YES;
				CLANG_WARN_BLOCK_CAPTURE_AUTORELEASING = YES;
				CLANG_WARN_BOOL_CONVERSION = YES;
				CLANG_WARN_COMMA = YES;
				CLANG_WARN_CONSTANT_CONVERSION = YES;
				CLANG_WARN_DEPRECATED_OBJC_IMPLEMENTATIONS = YES;
				CLANG_WARN_DIRECT_OBJC_ISA_USAGE = YES_ERROR;
				CLANG_WARN_DOCUMENTATION_COMMENTS = YES;
				CLANG_WARN_EMPTY_BODY = YES;
				CLANG_WARN_ENUM_CONVERSION = YES;
				CLANG_WARN_INFINITE_RECURSION = YES;
				CLANG_WARN_INT_CONVERSION = YES;
				CLANG_WARN_NON_LITERAL_NULL_CONVERSION = YES;
				CLANG_WARN_OBJC_IMPLICIT_RETAIN_SELF = YES;
				CLANG_WARN_OBJC_LITERAL_CONVERSION = YES;
				CLANG_WARN_OBJC_ROOT_CLASS = YES_ERROR;
				CLANG_WARN_RANGE_LOOP_ANALYSIS = YES;
				CLANG_WARN_STRICT_PROTOTYPES = YES;
				CLANG_WARN_SUSPICIOUS_MOVE = YES;
				CLANG_WARN_UNGUARDED_AVAILABILITY = YES_AGGRESSIVE;
				CLANG_WARN_UNREACHABLE_CODE = YES;
				CLANG_WARN__DUPLICATE_METHOD_MATCH = YES;
				COPY_PHASE_STRIP = NO;
				DEBUG_INFORMATION_FORMAT = "dwarf-with-dsym";
				ENABLE_NS_ASSERTIONS = NO;
				ENABLE_STRICT_OBJC_MSGSEND = YES;
				GCC_C_LANGUAGE_STANDARD = gnu11;
				GCC_NO_COMMON_BLOCKS = YES;
				GCC_WARN_64_TO_32_BIT_CONVERSION = YES;
				GCC_WARN_ABOUT_RETURN_TYPE = YES_ERROR;
				GCC_WARN_UNDECLARED_SELECTOR = YES;
				GCC_WARN_UNINITIALIZED_AUTOS = YES_AGGRESSIVE;
				GCC_WARN_UNUSED_FUNCTION = YES;
				GCC_WARN_UNUSED_VARIABLE = YES;
				IPHONEOS_DEPLOYMENT_TARGET = 13.2;
				MTL_ENABLE_DEBUG_INFO = NO;
				MTL_FAST_MATH = YES;
				SDKROOT = iphoneos;
				SWIFT_COMPILATION_MODE = wholemodule;
				SWIFT_OPTIMIZATION_LEVEL = "-O";
				VALIDATE_PRODUCT = YES;
			};
			name = Release;
		};
		C120570F243709FA00F55940 /* Debug */ = {
			isa = XCBuildConfiguration;
			buildSettings = {
				ASSETCATALOG_COMPILER_APPICON_NAME = AppIcon;
				CODE_SIGN_STYLE = Automatic;
				INFOPLIST_FILE = "MakeApp15-2CameraPhotoLibrary/Info.plist";
				LD_RUNPATH_SEARCH_PATHS = (
					"$(inherited)",
					"@executable_path/Frameworks",
				);
				PRODUCT_BUNDLE_IDENTIFIER = "com.grinbi.iphone2.MakeApp15-2CameraPhotoLibrary";
				PRODUCT_NAME = "$(TARGET_NAME)";
				SWIFT_VERSION = 5.0;
				TARGETED_DEVICE_FAMILY = 1;
			};
			name = Debug;
		};
		C1205710243709FA00F55940 /* Release */ = {
			isa = XCBuildConfiguration;
			buildSettings = {
				ASSETCATALOG_COMPILER_APPICON_NAME = AppIcon;
				CODE_SIGN_STYLE = Automatic;
				INFOPLIST_FILE = "MakeApp15-2CameraPhotoLibrary/Info.plist";
				LD_RUNPATH_SEARCH_PATHS = (
					"$(inherited)",
					"@executable_path/Frameworks",
				);
				PRODUCT_BUNDLE_IDENTIFIER = "com.grinbi.iphone2.MakeApp15-2CameraPhotoLibrary";
				PRODUCT_NAME = "$(TARGET_NAME)";
				SWIFT_VERSION = 5.0;
				TARGETED_DEVICE_FAMILY = 1;
			};
			name = Release;
		};
/* End XCBuildConfiguration section */

/* Begin XCConfigurationList section */
		C12056F5243709F900F55940 /* Build configuration list for PBXProject "MakeApp15-2CameraPhotoLibrary" */ = {
			isa = XCConfigurationList;
			buildConfigurations = (
				C120570C243709FA00F55940 /* Debug */,
				C120570D243709FA00F55940 /* Release */,
			);
			defaultConfigurationIsVisible = 0;
			defaultConfigurationName = Release;
		};
		C120570E243709FA00F55940 /* Build configuration list for PBXNativeTarget "MakeApp15-2CameraPhotoLibrary" */ = {
			isa = XCConfigurationList;
			buildConfigurations = (
				C120570F243709FA00F55940 /* Debug */,
				C1205710243709FA00F55940 /* Release */,
			);
			defaultConfigurationIsVisible = 0;
			defaultConfigurationName = Release;
		};
/* End XCConfigurationList section */
	};
	rootObject = C12056F2243709F900F55940 /* Project object */;
}
